
Microsoft Visual Studio Solution File, Format Version 12.00
# Visual Studio Version 17
VisualStudioVersion = 17.6.33712.159
MinimumVisualStudioVersion = 10.0.40219.1
Project("{2150E333-8FDC-42A3-9474-1A3956D46DE8}") = "01 Presentacion", "01 Presentacion", "{F8D43E00-377E-41F0-87C0-A815B3820447}"
EndProject
Project("{2150E333-8FDC-42A3-9474-1A3956D46DE8}") = "02 Aplicacion", "02 Aplicacion", "{1C497F29-6C5A-4F40-8D85-2C9EAADF3334}"
EndProject
Project("{2150E333-8FDC-42A3-9474-1A3956D46DE8}") = "03 Infactustura", "03 Infactustura", "{400BE2B2-32C2-4543-8008-3152C6E407E0}"
EndProject
Project("{2150E333-8FDC-42A3-9474-1A3956D46DE8}") = "04 Dominio", "04 Dominio", "{9A18C091-400D-470F-BB8D-BE723A121B7A}"
EndProject
Project("{9A19103F-16F7-4668-BE54-9A1E7A4F7556}") = "MiApp.LM.Presentacion.Wpf", "App.LM.Presentacion.Wpf\MiApp.LM.Presentacion.Wpf.csproj", "{08419348-554E-4B86-A421-7DCC947C9EF2}"
EndProject
Project("{9A19103F-16F7-4668-BE54-9A1E7A4F7556}") = "MiApp.LM.Aplicacion", "App.LM.Aplicacion\MiApp.LM.Aplicacion.csproj", "{E45314A1-03F7-434D-B053-8EC007B96CFA}"
EndProject
Project("{9A19103F-16F7-4668-BE54-9A1E7A4F7556}") = "MiApp.LM.Infactustura", "App.LM.Infactustura\MiApp.LM.Infactustura.csproj", "{1D2C35D2-6FB4-4141-AF17-EA06FB207904}"
EndProject
Project("{9A19103F-16F7-4668-BE54-9A1E7A4F7556}") = "MiApp.LM.Dominio", "App.LM.Dominio\MiApp.LM.Dominio.csproj", "{B97A2DA4-E1E5-4CC4-8303-98B4A7D740C9}"
EndProject
Project("{2150E333-8FDC-42A3-9474-1A3956D46DE8}") = "05 Diagramas", "05 Diagramas", "{AAD4CDE2-6B4D-4FA7-8076-1DFDC94CC540}"
	ProjectSection(SolutionItems) = preProject
		Arbol.txt = Arbol.txt
		Convertir archivos de inventor a BBDD.txt = Convertir archivos de inventor a BBDD.txt
	EndProjectSection
EndProject
Project("{2150E333-8FDC-42A3-9474-1A3956D46DE8}") = "Elementos de la solución", "Elementos de la solución", "{668C4D70-B8D5-45F2-B8EE-26AFEDDE4A6D}"
	ProjectSection(SolutionItems) = preProject
		Apuntes.txt = Apuntes.txt
	EndProjectSection
EndProject
Global
	GlobalSection(SolutionConfigurationPlatforms) = preSolution
		Debug|Any CPU = Debug|Any CPU
		Release|Any CPU = Release|Any CPU
	EndGlobalSection
	GlobalSection(ProjectConfigurationPlatforms) = postSolution
		{08419348-554E-4B86-A421-7DCC947C9EF2}.Debug|Any CPU.ActiveCfg = Debug|Any CPU
		{08419348-554E-4B86-A421-7DCC947C9EF2}.Debug|Any CPU.Build.0 = Debug|Any CPU
		{08419348-554E-4B86-A421-7DCC947C9EF2}.Release|Any CPU.ActiveCfg = Release|Any CPU
		{08419348-554E-4B86-A421-7DCC947C9EF2}.Release|Any CPU.Build.0 = Release|Any CPU
		{E45314A1-03F7-434D-B053-8EC007B96CFA}.Debug|Any CPU.ActiveCfg = Debug|Any CPU
		{E45314A1-03F7-434D-B053-8EC007B96CFA}.Debug|Any CPU.Build.0 = Debug|Any CPU
		{E45314A1-03F7-434D-B053-8EC007B96CFA}.Release|Any CPU.ActiveCfg = Release|Any CPU
		{E45314A1-03F7-434D-B053-8EC007B96CFA}.Release|Any CPU.Build.0 = Release|Any CPU
		{1D2C35D2-6FB4-4141-AF17-EA06FB207904}.Debug|Any CPU.ActiveCfg = Debug|Any CPU
		{1D2C35D2-6FB4-4141-AF17-EA06FB207904}.Debug|Any CPU.Build.0 = Debug|Any CPU
		{1D2C35D2-6FB4-4141-AF17-EA06FB207904}.Release|Any CPU.ActiveCfg = Release|Any CPU
		{1D2C35D2-6FB4-4141-AF17-EA06FB207904}.Release|Any CPU.Build.0 = Release|Any CPU
		{B97A2DA4-E1E5-4CC4-8303-98B4A7D740C9}.Debug|Any CPU.ActiveCfg = Debug|Any CPU
		{B97A2DA4-E1E5-4CC4-8303-98B4A7D740C9}.Debug|Any CPU.Build.0 = Debug|Any CPU
		{B97A2DA4-E1E5-4CC4-8303-98B4A7D740C9}.Release|Any CPU.ActiveCfg = Release|Any CPU
		{B97A2DA4-E1E5-4CC4-8303-98B4A7D740C9}.Release|Any CPU.Build.0 = Release|Any CPU
	EndGlobalSection
	GlobalSection(SolutionProperties) = preSolution
		HideSolutionNode = FALSE
	EndGlobalSection
	GlobalSection(NestedProjects) = preSolution
		{08419348-554E-4B86-A421-7DCC947C9EF2} = {F8D43E00-377E-41F0-87C0-A815B3820447}
		{E45314A1-03F7-434D-B053-8EC007B96CFA} = {1C497F29-6C5A-4F40-8D85-2C9EAADF3334}
		{1D2C35D2-6FB4-4141-AF17-EA06FB207904} = {400BE2B2-32C2-4543-8008-3152C6E407E0}
		{B97A2DA4-E1E5-4CC4-8303-98B4A7D740C9} = {9A18C091-400D-470F-BB8D-BE723A121B7A}
	EndGlobalSection
	GlobalSection(ExtensibilityGlobals) = postSolution
		SolutionGuid = {A4411B23-07B8-43B8-B3B2-1CBB3F810FC3}
	EndGlobalSection
EndGlobal
